// !$*UTF8*$!
{
	archiveVersion = 1;
	classes = {
	};
	objectVersion = 46;
	objects = {

/* Begin PBXBuildFile section */
		321146391A66997900F89494 /* TJProjectInfoModel.m in Sources */ = {isa = PBXBuildFile; fileRef = 321146381A66997900F89494 /* TJProjectInfoModel.m */; };
		3211463C1A669A7A00F89494 /* TJCommentModel.m in Sources */ = {isa = PBXBuildFile; fileRef = 3211463B1A669A7A00F89494 /* TJCommentModel.m */; };
		3211463F1A669AD600F89494 /* TJTeamModel.m in Sources */ = {isa = PBXBuildFile; fileRef = 3211463E1A669AD600F89494 /* TJTeamModel.m */; };
		32959EF81A5ECFA300C2B9D6 /* TJProjectCommentAreaCell.m in Sources */ = {isa = PBXBuildFile; fileRef = 32959EED1A5ECFA300C2B9D6 /* TJProjectCommentAreaCell.m */; };
		32959EF91A5ECFA300C2B9D6 /* TJProjectCommentAreaCell.xib in Resources */ = {isa = PBXBuildFile; fileRef = 32959EEE1A5ECFA300C2B9D6 /* TJProjectCommentAreaCell.xib */; };
		32959EFA1A5ECFA300C2B9D6 /* TJProjectDetailInfoCell.m in Sources */ = {isa = PBXBuildFile; fileRef = 32959EF01A5ECFA300C2B9D6 /* TJProjectDetailInfoCell.m */; };
		32959EFB1A5ECFA300C2B9D6 /* TJProjectDetailInfoCell.xib in Resources */ = {isa = PBXBuildFile; fileRef = 32959EF11A5ECFA300C2B9D6 /* TJProjectDetailInfoCell.xib */; };
		32959EFC1A5ECFA300C2B9D6 /* TJProjectTeamAreaCell.m in Sources */ = {isa = PBXBuildFile; fileRef = 32959EF31A5ECFA300C2B9D6 /* TJProjectTeamAreaCell.m */; };
		32959EFD1A5ECFA300C2B9D6 /* TJProjectTeamAreaCell.xib in Resources */ = {isa = PBXBuildFile; fileRef = 32959EF41A5ECFA300C2B9D6 /* TJProjectTeamAreaCell.xib */; };
		32959EFE1A5ECFA300C2B9D6 /* TJProjectTitleInfoCell.m in Sources */ = {isa = PBXBuildFile; fileRef = 32959EF61A5ECFA300C2B9D6 /* TJProjectTitleInfoCell.m */; };
		32959EFF1A5ECFA300C2B9D6 /* TJProjectTitleInfoCell.xib in Resources */ = {isa = PBXBuildFile; fileRef = 32959EF71A5ECFA300C2B9D6 /* TJProjectTitleInfoCell.xib */; };
		32959F021A5ECFB300C2B9D6 /* TJProjectDetailViewModel.m in Sources */ = {isa = PBXBuildFile; fileRef = 32959F011A5ECFB300C2B9D6 /* TJProjectDetailViewModel.m */; };
		32959F071A5ECFBE00C2B9D6 /* TJProjectDetailRequestModel.m in Sources */ = {isa = PBXBuildFile; fileRef = 32959F041A5ECFBE00C2B9D6 /* TJProjectDetailRequestModel.m */; };
		32959F081A5ECFBE00C2B9D6 /* TJProjectDetailResponseModel.m in Sources */ = {isa = PBXBuildFile; fileRef = 32959F061A5ECFBE00C2B9D6 /* TJProjectDetailResponseModel.m */; };
		32959F0B1A5ECFCC00C2B9D6 /* TJProjectDetailSender.m in Sources */ = {isa = PBXBuildFile; fileRef = 32959F0A1A5ECFCC00C2B9D6 /* TJProjectDetailSender.m */; };
		E42770C64AD3214DC5895880 /* libPods.a in Frameworks */ = {isa = PBXBuildFile; fileRef = 9F87660748CC2C0B4B82EF26 /* libPods.a */; };
		EA0A0BB71A66A9B300E37BFD /* TJProjectListCell.m in Sources */ = {isa = PBXBuildFile; fileRef = EA0A0BB51A66A9B300E37BFD /* TJProjectListCell.m */; };
		EA0A0BB81A66A9B300E37BFD /* TJProjectListCell.xib in Resources */ = {isa = PBXBuildFile; fileRef = EA0A0BB61A66A9B300E37BFD /* TJProjectListCell.xib */; };
		EA1864591A66310500117C8A /* libsqlite3.dylib in Frameworks */ = {isa = PBXBuildFile; fileRef = EA1864581A66310500117C8A /* libsqlite3.dylib */; };
		EA3248481A668D6400D45E30 /* TJProjectListRequestModel.m in Sources */ = {isa = PBXBuildFile; fileRef = EA3248471A668D6400D45E30 /* TJProjectListRequestModel.m */; };
		EA32484B1A668D9300D45E30 /* TJProjectListResponseModel.m in Sources */ = {isa = PBXBuildFile; fileRef = EA32484A1A668D9300D45E30 /* TJProjectListResponseModel.m */; };
		EA68E51C1A5A2FB300CA2CCD /* main.m in Sources */ = {isa = PBXBuildFile; fileRef = EA68E51B1A5A2FB300CA2CCD /* main.m */; };
		EA68E51F1A5A2FB300CA2CCD /* AppDelegate.m in Sources */ = {isa = PBXBuildFile; fileRef = EA68E51E1A5A2FB300CA2CCD /* AppDelegate.m */; };
		EA68E5221A5A2FB300CA2CCD /* FirstViewController.m in Sources */ = {isa = PBXBuildFile; fileRef = EA68E5211A5A2FB300CA2CCD /* FirstViewController.m */; };
		EA68E5251A5A2FB300CA2CCD /* SecondViewController.m in Sources */ = {isa = PBXBuildFile; fileRef = EA68E5241A5A2FB300CA2CCD /* SecondViewController.m */; };
		EA68E5281A5A2FB300CA2CCD /* Main.storyboard in Resources */ = {isa = PBXBuildFile; fileRef = EA68E5261A5A2FB300CA2CCD /* Main.storyboard */; };
		EA68E52A1A5A2FB300CA2CCD /* Images.xcassets in Resources */ = {isa = PBXBuildFile; fileRef = EA68E5291A5A2FB300CA2CCD /* Images.xcassets */; };
		EA68E52D1A5A2FB300CA2CCD /* LaunchScreen.xib in Resources */ = {isa = PBXBuildFile; fileRef = EA68E52B1A5A2FB300CA2CCD /* LaunchScreen.xib */; };
		EA68E5391A5A2FB400CA2CCD /* TojoMobileTests.m in Sources */ = {isa = PBXBuildFile; fileRef = EA68E5381A5A2FB400CA2CCD /* TojoMobileTests.m */; };
		EA99FC711A5ED72A0069ADBD /* TJSender.m in Sources */ = {isa = PBXBuildFile; fileRef = EA99FC701A5ED72A0069ADBD /* TJSender.m */; };
		EA99FC771A5EE9C70069ADBD /* TJUserLoginRequestModel.m in Sources */ = {isa = PBXBuildFile; fileRef = EA99FC741A5EE9C70069ADBD /* TJUserLoginRequestModel.m */; };
		EA99FC781A5EE9C70069ADBD /* TJUserLoginResponseModel.m in Sources */ = {isa = PBXBuildFile; fileRef = EA99FC761A5EE9C70069ADBD /* TJUserLoginResponseModel.m */; };
		EAC116BC1A615AD200F620DE /* TJResultModel.m in Sources */ = {isa = PBXBuildFile; fileRef = EAC116BB1A615AD200F620DE /* TJResultModel.m */; };
		EAC116BF1A618ADC00F620DE /* TJDataBase.m in Sources */ = {isa = PBXBuildFile; fileRef = EAC116BE1A618ADC00F620DE /* TJDataBase.m */; };
		EAC116C21A618C1C00F620DE /* TJFilePath.m in Sources */ = {isa = PBXBuildFile; fileRef = EAC116C11A618C1C00F620DE /* TJFilePath.m */; };
		EAC116E41A61967700F620DE /* TJProjectListSender.m in Sources */ = {isa = PBXBuildFile; fileRef = EAC116E31A61967700F620DE /* TJProjectListSender.m */; };
		EAC116EC1A61983000F620DE /* TJProjectDetailViewController.m in Sources */ = {isa = PBXBuildFile; fileRef = EAC116E71A61983000F620DE /* TJProjectDetailViewController.m */; };
		EAC116ED1A61983000F620DE /* TJProjectDetailViewController.xib in Resources */ = {isa = PBXBuildFile; fileRef = EAC116E81A61983000F620DE /* TJProjectDetailViewController.xib */; };
		EAC116EE1A61983000F620DE /* TJProjectListViewController.m in Sources */ = {isa = PBXBuildFile; fileRef = EAC116EA1A61983000F620DE /* TJProjectListViewController.m */; };
		EAC116EF1A61983000F620DE /* TJProjectListViewController.xib in Resources */ = {isa = PBXBuildFile; fileRef = EAC116EB1A61983000F620DE /* TJProjectListViewController.xib */; };
		EAEE9B361A5C012900FF3DA9 /* TJUserSender.m in Sources */ = {isa = PBXBuildFile; fileRef = EAEE9B351A5C012900FF3DA9 /* TJUserSender.m */; };
/* End PBXBuildFile section */

/* Begin PBXContainerItemProxy section */
		EA68E5331A5A2FB300CA2CCD /* PBXContainerItemProxy */ = {
			isa = PBXContainerItemProxy;
			containerPortal = EA68E50E1A5A2FB300CA2CCD /* Project object */;
			proxyType = 1;
			remoteGlobalIDString = EA68E5151A5A2FB300CA2CCD;
			remoteInfo = TojoMobile;
		};
/* End PBXContainerItemProxy section */

/* Begin PBXFileReference section */
		321146371A66997900F89494 /* TJProjectInfoModel.h */ = {isa = PBXFileReference; fileEncoding = 4; lastKnownFileType = sourcecode.c.h; name = TJProjectInfoModel.h; path = projects/businessmodel/TJProjectInfoModel.h; sourceTree = "<group>"; };
		321146381A66997900F89494 /* TJProjectInfoModel.m */ = {isa = PBXFileReference; fileEncoding = 4; lastKnownFileType = sourcecode.c.objc; name = TJProjectInfoModel.m; path = projects/businessmodel/TJProjectInfoModel.m; sourceTree = "<group>"; };
		3211463A1A669A7A00F89494 /* TJCommentModel.h */ = {isa = PBXFileReference; fileEncoding = 4; lastKnownFileType = sourcecode.c.h; name = TJCommentModel.h; path = projects/businessmodel/TJCommentModel.h; sourceTree = "<group>"; };
		3211463B1A669A7A00F89494 /* TJCommentModel.m */ = {isa = PBXFileReference; fileEncoding = 4; lastKnownFileType = sourcecode.c.objc; name = TJCommentModel.m; path = projects/businessmodel/TJCommentModel.m; sourceTree = "<group>"; };
		3211463D1A669AD600F89494 /* TJTeamModel.h */ = {isa = PBXFileReference; fileEncoding = 4; lastKnownFileType = sourcecode.c.h; name = TJTeamModel.h; path = projects/businessmodel/TJTeamModel.h; sourceTree = "<group>"; };
		3211463E1A669AD600F89494 /* TJTeamModel.m */ = {isa = PBXFileReference; fileEncoding = 4; lastKnownFileType = sourcecode.c.objc; name = TJTeamModel.m; path = projects/businessmodel/TJTeamModel.m; sourceTree = "<group>"; };
		32959EEC1A5ECFA300C2B9D6 /* TJProjectCommentAreaCell.h */ = {isa = PBXFileReference; fileEncoding = 4; lastKnownFileType = sourcecode.c.h; name = TJProjectCommentAreaCell.h; path = projects/cell/TJProjectCommentAreaCell.h; sourceTree = "<group>"; };
		32959EED1A5ECFA300C2B9D6 /* TJProjectCommentAreaCell.m */ = {isa = PBXFileReference; fileEncoding = 4; lastKnownFileType = sourcecode.c.objc; name = TJProjectCommentAreaCell.m; path = projects/cell/TJProjectCommentAreaCell.m; sourceTree = "<group>"; };
		32959EEE1A5ECFA300C2B9D6 /* TJProjectCommentAreaCell.xib */ = {isa = PBXFileReference; fileEncoding = 4; lastKnownFileType = file.xib; name = TJProjectCommentAreaCell.xib; path = projects/cell/TJProjectCommentAreaCell.xib; sourceTree = "<group>"; };
		32959EEF1A5ECFA300C2B9D6 /* TJProjectDetailInfoCell.h */ = {isa = PBXFileReference; fileEncoding = 4; lastKnownFileType = sourcecode.c.h; name = TJProjectDetailInfoCell.h; path = projects/cell/TJProjectDetailInfoCell.h; sourceTree = "<group>"; };
		32959EF01A5ECFA300C2B9D6 /* TJProjectDetailInfoCell.m */ = {isa = PBXFileReference; fileEncoding = 4; lastKnownFileType = sourcecode.c.objc; name = TJProjectDetailInfoCell.m; path = projects/cell/TJProjectDetailInfoCell.m; sourceTree = "<group>"; };
		32959EF11A5ECFA300C2B9D6 /* TJProjectDetailInfoCell.xib */ = {isa = PBXFileReference; fileEncoding = 4; lastKnownFileType = file.xib; name = TJProjectDetailInfoCell.xib; path = projects/cell/TJProjectDetailInfoCell.xib; sourceTree = "<group>"; };
		32959EF21A5ECFA300C2B9D6 /* TJProjectTeamAreaCell.h */ = {isa = PBXFileReference; fileEncoding = 4; lastKnownFileType = sourcecode.c.h; name = TJProjectTeamAreaCell.h; path = projects/cell/TJProjectTeamAreaCell.h; sourceTree = "<group>"; };
		32959EF31A5ECFA300C2B9D6 /* TJProjectTeamAreaCell.m */ = {isa = PBXFileReference; fileEncoding = 4; lastKnownFileType = sourcecode.c.objc; name = TJProjectTeamAreaCell.m; path = projects/cell/TJProjectTeamAreaCell.m; sourceTree = "<group>"; };
		32959EF41A5ECFA300C2B9D6 /* TJProjectTeamAreaCell.xib */ = {isa = PBXFileReference; fileEncoding = 4; lastKnownFileType = file.xib; name = TJProjectTeamAreaCell.xib; path = projects/cell/TJProjectTeamAreaCell.xib; sourceTree = "<group>"; };
		32959EF51A5ECFA300C2B9D6 /* TJProjectTitleInfoCell.h */ = {isa = PBXFileReference; fileEncoding = 4; lastKnownFileType = sourcecode.c.h; name = TJProjectTitleInfoCell.h; path = projects/cell/TJProjectTitleInfoCell.h; sourceTree = "<group>"; };
		32959EF61A5ECFA300C2B9D6 /* TJProjectTitleInfoCell.m */ = {isa = PBXFileReference; fileEncoding = 4; lastKnownFileType = sourcecode.c.objc; name = TJProjectTitleInfoCell.m; path = projects/cell/TJProjectTitleInfoCell.m; sourceTree = "<group>"; };
		32959EF71A5ECFA300C2B9D6 /* TJProjectTitleInfoCell.xib */ = {isa = PBXFileReference; fileEncoding = 4; lastKnownFileType = file.xib; name = TJProjectTitleInfoCell.xib; path = projects/cell/TJProjectTitleInfoCell.xib; sourceTree = "<group>"; };
		32959F001A5ECFB300C2B9D6 /* TJProjectDetailViewModel.h */ = {isa = PBXFileReference; fileEncoding = 4; lastKnownFileType = sourcecode.c.h; name = TJProjectDetailViewModel.h; path = projects/viewmodel/TJProjectDetailViewModel.h; sourceTree = "<group>"; };
		32959F011A5ECFB300C2B9D6 /* TJProjectDetailViewModel.m */ = {isa = PBXFileReference; fileEncoding = 4; lastKnownFileType = sourcecode.c.objc; name = TJProjectDetailViewModel.m; path = projects/viewmodel/TJProjectDetailViewModel.m; sourceTree = "<group>"; };
		32959F031A5ECFBE00C2B9D6 /* TJProjectDetailRequestModel.h */ = {isa = PBXFileReference; fileEncoding = 4; lastKnownFileType = sourcecode.c.h; name = TJProjectDetailRequestModel.h; path = projects/businessmodel/TJProjectDetailRequestModel.h; sourceTree = "<group>"; };
		32959F041A5ECFBE00C2B9D6 /* TJProjectDetailRequestModel.m */ = {isa = PBXFileReference; fileEncoding = 4; lastKnownFileType = sourcecode.c.objc; name = TJProjectDetailRequestModel.m; path = projects/businessmodel/TJProjectDetailRequestModel.m; sourceTree = "<group>"; };
		32959F051A5ECFBE00C2B9D6 /* TJProjectDetailResponseModel.h */ = {isa = PBXFileReference; fileEncoding = 4; lastKnownFileType = sourcecode.c.h; name = TJProjectDetailResponseModel.h; path = projects/businessmodel/TJProjectDetailResponseModel.h; sourceTree = "<group>"; };
		32959F061A5ECFBE00C2B9D6 /* TJProjectDetailResponseModel.m */ = {isa = PBXFileReference; fileEncoding = 4; lastKnownFileType = sourcecode.c.objc; name = TJProjectDetailResponseModel.m; path = projects/businessmodel/TJProjectDetailResponseModel.m; sourceTree = "<group>"; };
		32959F091A5ECFCC00C2B9D6 /* TJProjectDetailSender.h */ = {isa = PBXFileReference; fileEncoding = 4; lastKnownFileType = sourcecode.c.h; name = TJProjectDetailSender.h; path = projects/service/TJProjectDetailSender.h; sourceTree = "<group>"; };
		32959F0A1A5ECFCC00C2B9D6 /* TJProjectDetailSender.m */ = {isa = PBXFileReference; fileEncoding = 4; lastKnownFileType = sourcecode.c.objc; name = TJProjectDetailSender.m; path = projects/service/TJProjectDetailSender.m; sourceTree = "<group>"; };
		85A33652F3F2C3B494D43C51 /* Pods.release.xcconfig */ = {isa = PBXFileReference; includeInIndex = 1; lastKnownFileType = text.xcconfig; name = Pods.release.xcconfig; path = "Pods/Target Support Files/Pods/Pods.release.xcconfig"; sourceTree = "<group>"; };
		9F87660748CC2C0B4B82EF26 /* libPods.a */ = {isa = PBXFileReference; explicitFileType = archive.ar; includeInIndex = 0; path = libPods.a; sourceTree = BUILT_PRODUCTS_DIR; };
		B2C29C277CF0BF4887084072 /* Pods.debug.xcconfig */ = {isa = PBXFileReference; includeInIndex = 1; lastKnownFileType = text.xcconfig; name = Pods.debug.xcconfig; path = "Pods/Target Support Files/Pods/Pods.debug.xcconfig"; sourceTree = "<group>"; };
		EA0A0BB41A66A9B300E37BFD /* TJProjectListCell.h */ = {isa = PBXFileReference; fileEncoding = 4; lastKnownFileType = sourcecode.c.h; name = TJProjectListCell.h; path = projects/cell/TJProjectListCell.h; sourceTree = "<group>"; };
		EA0A0BB51A66A9B300E37BFD /* TJProjectListCell.m */ = {isa = PBXFileReference; fileEncoding = 4; lastKnownFileType = sourcecode.c.objc; name = TJProjectListCell.m; path = projects/cell/TJProjectListCell.m; sourceTree = "<group>"; };
		EA0A0BB61A66A9B300E37BFD /* TJProjectListCell.xib */ = {isa = PBXFileReference; fileEncoding = 4; lastKnownFileType = file.xib; name = TJProjectListCell.xib; path = projects/cell/TJProjectListCell.xib; sourceTree = "<group>"; };
		EA0A0BBD1A66ACA800E37BFD /* TJDefine.h */ = {isa = PBXFileReference; lastKnownFileType = sourcecode.c.h; path = TJDefine.h; sourceTree = "<group>"; };
		EA1864581A66310500117C8A /* libsqlite3.dylib */ = {isa = PBXFileReference; lastKnownFileType = "compiled.mach-o.dylib"; name = libsqlite3.dylib; path = usr/lib/libsqlite3.dylib; sourceTree = SDKROOT; };
		EA3248461A668D6400D45E30 /* TJProjectListRequestModel.h */ = {isa = PBXFileReference; fileEncoding = 4; lastKnownFileType = sourcecode.c.h; name = TJProjectListRequestModel.h; path = projects/businessmodel/TJProjectListRequestModel.h; sourceTree = "<group>"; };
		EA3248471A668D6400D45E30 /* TJProjectListRequestModel.m */ = {isa = PBXFileReference; fileEncoding = 4; lastKnownFileType = sourcecode.c.objc; name = TJProjectListRequestModel.m; path = projects/businessmodel/TJProjectListRequestModel.m; sourceTree = "<group>"; };
		EA3248491A668D9300D45E30 /* TJProjectListResponseModel.h */ = {isa = PBXFileReference; fileEncoding = 4; lastKnownFileType = sourcecode.c.h; name = TJProjectListResponseModel.h; path = projects/businessmodel/TJProjectListResponseModel.h; sourceTree = "<group>"; };
		EA32484A1A668D9300D45E30 /* TJProjectListResponseModel.m */ = {isa = PBXFileReference; fileEncoding = 4; lastKnownFileType = sourcecode.c.objc; name = TJProjectListResponseModel.m; path = projects/businessmodel/TJProjectListResponseModel.m; sourceTree = "<group>"; };
		EA68E5161A5A2FB300CA2CCD /* TojoMobile.app */ = {isa = PBXFileReference; explicitFileType = wrapper.application; includeInIndex = 0; path = TojoMobile.app; sourceTree = BUILT_PRODUCTS_DIR; };
		EA68E51A1A5A2FB300CA2CCD /* Info.plist */ = {isa = PBXFileReference; lastKnownFileType = text.plist.xml; path = Info.plist; sourceTree = "<group>"; };
		EA68E51B1A5A2FB300CA2CCD /* main.m */ = {isa = PBXFileReference; lastKnownFileType = sourcecode.c.objc; path = main.m; sourceTree = "<group>"; };
		EA68E51D1A5A2FB300CA2CCD /* AppDelegate.h */ = {isa = PBXFileReference; lastKnownFileType = sourcecode.c.h; path = AppDelegate.h; sourceTree = "<group>"; };
		EA68E51E1A5A2FB300CA2CCD /* AppDelegate.m */ = {isa = PBXFileReference; lastKnownFileType = sourcecode.c.objc; path = AppDelegate.m; sourceTree = "<group>"; };
		EA68E5201A5A2FB300CA2CCD /* FirstViewController.h */ = {isa = PBXFileReference; lastKnownFileType = sourcecode.c.h; path = FirstViewController.h; sourceTree = "<group>"; };
		EA68E5211A5A2FB300CA2CCD /* FirstViewController.m */ = {isa = PBXFileReference; lastKnownFileType = sourcecode.c.objc; path = FirstViewController.m; sourceTree = "<group>"; };
		EA68E5231A5A2FB300CA2CCD /* SecondViewController.h */ = {isa = PBXFileReference; lastKnownFileType = sourcecode.c.h; path = SecondViewController.h; sourceTree = "<group>"; };
		EA68E5241A5A2FB300CA2CCD /* SecondViewController.m */ = {isa = PBXFileReference; lastKnownFileType = sourcecode.c.objc; path = SecondViewController.m; sourceTree = "<group>"; };
		EA68E5271A5A2FB300CA2CCD /* Base */ = {isa = PBXFileReference; lastKnownFileType = file.storyboard; name = Base; path = Base.lproj/Main.storyboard; sourceTree = "<group>"; };
		EA68E5291A5A2FB300CA2CCD /* Images.xcassets */ = {isa = PBXFileReference; lastKnownFileType = folder.assetcatalog; path = Images.xcassets; sourceTree = "<group>"; };
		EA68E52C1A5A2FB300CA2CCD /* Base */ = {isa = PBXFileReference; lastKnownFileType = file.xib; name = Base; path = Base.lproj/LaunchScreen.xib; sourceTree = "<group>"; };
		EA68E5321A5A2FB300CA2CCD /* TojoMobileTests.xctest */ = {isa = PBXFileReference; explicitFileType = wrapper.cfbundle; includeInIndex = 0; path = TojoMobileTests.xctest; sourceTree = BUILT_PRODUCTS_DIR; };
		EA68E5371A5A2FB300CA2CCD /* Info.plist */ = {isa = PBXFileReference; lastKnownFileType = text.plist.xml; path = Info.plist; sourceTree = "<group>"; };
		EA68E5381A5A2FB400CA2CCD /* TojoMobileTests.m */ = {isa = PBXFileReference; lastKnownFileType = sourcecode.c.objc; path = TojoMobileTests.m; sourceTree = "<group>"; };
		EA99FC6F1A5ED72A0069ADBD /* TJSender.h */ = {isa = PBXFileReference; fileEncoding = 4; lastKnownFileType = sourcecode.c.h; path = TJSender.h; sourceTree = "<group>"; };
		EA99FC701A5ED72A0069ADBD /* TJSender.m */ = {isa = PBXFileReference; fileEncoding = 4; lastKnownFileType = sourcecode.c.objc; path = TJSender.m; sourceTree = "<group>"; };
		EA99FC731A5EE9C70069ADBD /* TJUserLoginRequestModel.h */ = {isa = PBXFileReference; fileEncoding = 4; lastKnownFileType = sourcecode.c.h; path = TJUserLoginRequestModel.h; sourceTree = "<group>"; };
		EA99FC741A5EE9C70069ADBD /* TJUserLoginRequestModel.m */ = {isa = PBXFileReference; fileEncoding = 4; lastKnownFileType = sourcecode.c.objc; path = TJUserLoginRequestModel.m; sourceTree = "<group>"; };
		EA99FC751A5EE9C70069ADBD /* TJUserLoginResponseModel.h */ = {isa = PBXFileReference; fileEncoding = 4; lastKnownFileType = sourcecode.c.h; path = TJUserLoginResponseModel.h; sourceTree = "<group>"; };
		EA99FC761A5EE9C70069ADBD /* TJUserLoginResponseModel.m */ = {isa = PBXFileReference; fileEncoding = 4; lastKnownFileType = sourcecode.c.objc; path = TJUserLoginResponseModel.m; sourceTree = "<group>"; };
		EAC116BA1A615AD200F620DE /* TJResultModel.h */ = {isa = PBXFileReference; fileEncoding = 4; lastKnownFileType = sourcecode.c.h; path = TJResultModel.h; sourceTree = "<group>"; };
		EAC116BB1A615AD200F620DE /* TJResultModel.m */ = {isa = PBXFileReference; fileEncoding = 4; lastKnownFileType = sourcecode.c.objc; path = TJResultModel.m; sourceTree = "<group>"; };
		EAC116BD1A618ADB00F620DE /* TJDataBase.h */ = {isa = PBXFileReference; fileEncoding = 4; lastKnownFileType = sourcecode.c.h; path = TJDataBase.h; sourceTree = "<group>"; };
		EAC116BE1A618ADC00F620DE /* TJDataBase.m */ = {isa = PBXFileReference; fileEncoding = 4; lastKnownFileType = sourcecode.c.objc; path = TJDataBase.m; sourceTree = "<group>"; };
		EAC116C01A618C1C00F620DE /* TJFilePath.h */ = {isa = PBXFileReference; fileEncoding = 4; lastKnownFileType = sourcecode.c.h; path = TJFilePath.h; sourceTree = "<group>"; };
		EAC116C11A618C1C00F620DE /* TJFilePath.m */ = {isa = PBXFileReference; fileEncoding = 4; lastKnownFileType = sourcecode.c.objc; path = TJFilePath.m; sourceTree = "<group>"; };
		EAC116E21A61967700F620DE /* TJProjectListSender.h */ = {isa = PBXFileReference; fileEncoding = 4; lastKnownFileType = sourcecode.c.h; name = TJProjectListSender.h; path = projects/service/TJProjectListSender.h; sourceTree = "<group>"; };
		EAC116E31A61967700F620DE /* TJProjectListSender.m */ = {isa = PBXFileReference; fileEncoding = 4; lastKnownFileType = sourcecode.c.objc; name = TJProjectListSender.m; path = projects/service/TJProjectListSender.m; sourceTree = "<group>"; };
		EAC116E61A61983000F620DE /* TJProjectDetailViewController.h */ = {isa = PBXFileReference; fileEncoding = 4; lastKnownFileType = sourcecode.c.h; name = TJProjectDetailViewController.h; path = projects/TJProjectDetailViewController.h; sourceTree = "<group>"; };
		EAC116E71A61983000F620DE /* TJProjectDetailViewController.m */ = {isa = PBXFileReference; fileEncoding = 4; lastKnownFileType = sourcecode.c.objc; name = TJProjectDetailViewController.m; path = projects/TJProjectDetailViewController.m; sourceTree = "<group>"; };
		EAC116E81A61983000F620DE /* TJProjectDetailViewController.xib */ = {isa = PBXFileReference; fileEncoding = 4; lastKnownFileType = file.xib; name = TJProjectDetailViewController.xib; path = projects/TJProjectDetailViewController.xib; sourceTree = "<group>"; };
		EAC116E91A61983000F620DE /* TJProjectListViewController.h */ = {isa = PBXFileReference; fileEncoding = 4; lastKnownFileType = sourcecode.c.h; name = TJProjectListViewController.h; path = projects/TJProjectListViewController.h; sourceTree = "<group>"; };
		EAC116EA1A61983000F620DE /* TJProjectListViewController.m */ = {isa = PBXFileReference; fileEncoding = 4; lastKnownFileType = sourcecode.c.objc; name = TJProjectListViewController.m; path = projects/TJProjectListViewController.m; sourceTree = "<group>"; };
		EAC116EB1A61983000F620DE /* TJProjectListViewController.xib */ = {isa = PBXFileReference; fileEncoding = 4; lastKnownFileType = file.xib; name = TJProjectListViewController.xib; path = projects/TJProjectListViewController.xib; sourceTree = "<group>"; };
		EAEE9B341A5C012900FF3DA9 /* TJUserSender.h */ = {isa = PBXFileReference; fileEncoding = 4; lastKnownFileType = sourcecode.c.h; path = TJUserSender.h; sourceTree = "<group>"; };
		EAEE9B351A5C012900FF3DA9 /* TJUserSender.m */ = {isa = PBXFileReference; fileEncoding = 4; lastKnownFileType = sourcecode.c.objc; path = TJUserSender.m; sourceTree = "<group>"; };
		EAEE9B3E1A5C120200FF3DA9 /* TJSystemParam.h */ = {isa = PBXFileReference; lastKnownFileType = sourcecode.c.h; path = TJSystemParam.h; sourceTree = "<group>"; };
/* End PBXFileReference section */

/* Begin PBXFrameworksBuildPhase section */
		EA68E5131A5A2FB300CA2CCD /* Frameworks */ = {
			isa = PBXFrameworksBuildPhase;
			buildActionMask = 2147483647;
			files = (
				EA1864591A66310500117C8A /* libsqlite3.dylib in Frameworks */,
				E42770C64AD3214DC5895880 /* libPods.a in Frameworks */,
			);
			runOnlyForDeploymentPostprocessing = 0;
		};
		EA68E52F1A5A2FB300CA2CCD /* Frameworks */ = {
			isa = PBXFrameworksBuildPhase;
			buildActionMask = 2147483647;
			files = (
			);
			runOnlyForDeploymentPostprocessing = 0;
		};
/* End PBXFrameworksBuildPhase section */

/* Begin PBXGroup section */
		0CCD19D42C96F430CA607A5F /* Pods */ = {
			isa = PBXGroup;
			children = (
				B2C29C277CF0BF4887084072 /* Pods.debug.xcconfig */,
				85A33652F3F2C3B494D43C51 /* Pods.release.xcconfig */,
			);
			name = Pods;
			sourceTree = "<group>";
		};
		32959EB71A5EBD0300C2B9D6 /* projects */ = {
			isa = PBXGroup;
			children = (
				32959EBC1A5EBD6900C2B9D6 /* cell */,
				32959EBB1A5EBD4B00C2B9D6 /* viewmodel */,
				32959EBA1A5EBD3A00C2B9D6 /* businessmodel */,
				32959EB91A5EBD2B00C2B9D6 /* service */,
				32959EB81A5EBD1C00C2B9D6 /* view */,
				EAC116E61A61983000F620DE /* TJProjectDetailViewController.h */,
				EAC116E71A61983000F620DE /* TJProjectDetailViewController.m */,
				EAC116E81A61983000F620DE /* TJProjectDetailViewController.xib */,
				EAC116E91A61983000F620DE /* TJProjectListViewController.h */,
				EAC116EA1A61983000F620DE /* TJProjectListViewController.m */,
				EAC116EB1A61983000F620DE /* TJProjectListViewController.xib */,
			);
			name = projects;
			sourceTree = "<group>";
		};
		32959EB81A5EBD1C00C2B9D6 /* view */ = {
			isa = PBXGroup;
			children = (
			);
			name = view;
			sourceTree = "<group>";
		};
		32959EB91A5EBD2B00C2B9D6 /* service */ = {
			isa = PBXGroup;
			children = (
				32959F091A5ECFCC00C2B9D6 /* TJProjectDetailSender.h */,
				32959F0A1A5ECFCC00C2B9D6 /* TJProjectDetailSender.m */,
				EAC116E21A61967700F620DE /* TJProjectListSender.h */,
				EAC116E31A61967700F620DE /* TJProjectListSender.m */,
			);
			name = service;
			sourceTree = "<group>";
		};
		32959EBA1A5EBD3A00C2B9D6 /* businessmodel */ = {
			isa = PBXGroup;
			children = (
				32959F031A5ECFBE00C2B9D6 /* TJProjectDetailRequestModel.h */,
				32959F041A5ECFBE00C2B9D6 /* TJProjectDetailRequestModel.m */,
				32959F051A5ECFBE00C2B9D6 /* TJProjectDetailResponseModel.h */,
				32959F061A5ECFBE00C2B9D6 /* TJProjectDetailResponseModel.m */,
				321146371A66997900F89494 /* TJProjectInfoModel.h */,
				321146381A66997900F89494 /* TJProjectInfoModel.m */,
				3211463A1A669A7A00F89494 /* TJCommentModel.h */,
				3211463B1A669A7A00F89494 /* TJCommentModel.m */,
				3211463D1A669AD600F89494 /* TJTeamModel.h */,
				3211463E1A669AD600F89494 /* TJTeamModel.m */,
				EA3248461A668D6400D45E30 /* TJProjectListRequestModel.h */,
				EA3248471A668D6400D45E30 /* TJProjectListRequestModel.m */,
				EA3248491A668D9300D45E30 /* TJProjectListResponseModel.h */,
				EA32484A1A668D9300D45E30 /* TJProjectListResponseModel.m */,
			);
			name = businessmodel;
			sourceTree = "<group>";
		};
		32959EBB1A5EBD4B00C2B9D6 /* viewmodel */ = {
			isa = PBXGroup;
			children = (
				32959F001A5ECFB300C2B9D6 /* TJProjectDetailViewModel.h */,
				32959F011A5ECFB300C2B9D6 /* TJProjectDetailViewModel.m */,
			);
			name = viewmodel;
			sourceTree = "<group>";
		};
		32959EBC1A5EBD6900C2B9D6 /* cell */ = {
			isa = PBXGroup;
			children = (
				32959EEC1A5ECFA300C2B9D6 /* TJProjectCommentAreaCell.h */,
				32959EED1A5ECFA300C2B9D6 /* TJProjectCommentAreaCell.m */,
				32959EEE1A5ECFA300C2B9D6 /* TJProjectCommentAreaCell.xib */,
				32959EEF1A5ECFA300C2B9D6 /* TJProjectDetailInfoCell.h */,
				32959EF01A5ECFA300C2B9D6 /* TJProjectDetailInfoCell.m */,
				32959EF11A5ECFA300C2B9D6 /* TJProjectDetailInfoCell.xib */,
				32959EF21A5ECFA300C2B9D6 /* TJProjectTeamAreaCell.h */,
				32959EF31A5ECFA300C2B9D6 /* TJProjectTeamAreaCell.m */,
				32959EF41A5ECFA300C2B9D6 /* TJProjectTeamAreaCell.xib */,
				32959EF51A5ECFA300C2B9D6 /* TJProjectTitleInfoCell.h */,
				32959EF61A5ECFA300C2B9D6 /* TJProjectTitleInfoCell.m */,
				32959EF71A5ECFA300C2B9D6 /* TJProjectTitleInfoCell.xib */,
				EA0A0BB41A66A9B300E37BFD /* TJProjectListCell.h */,
				EA0A0BB51A66A9B300E37BFD /* TJProjectListCell.m */,
				EA0A0BB61A66A9B300E37BFD /* TJProjectListCell.xib */,
			);
			name = cell;
			sourceTree = "<group>";
		};
		3548326D607B0EA4ECF529D9 /* Frameworks */ = {
			isa = PBXGroup;
			children = (
				EA1864581A66310500117C8A /* libsqlite3.dylib */,
				9F87660748CC2C0B4B82EF26 /* libPods.a */,
			);
			name = Frameworks;
			sourceTree = "<group>";
		};
		EA68E50D1A5A2FB300CA2CCD = {
			isa = PBXGroup;
			children = (
				EA68E5181A5A2FB300CA2CCD /* TojoMobile */,
				EA68E5351A5A2FB300CA2CCD /* TojoMobileTests */,
				EA68E5171A5A2FB300CA2CCD /* Products */,
				0CCD19D42C96F430CA607A5F /* Pods */,
				3548326D607B0EA4ECF529D9 /* Frameworks */,
			);
			sourceTree = "<group>";
		};
		EA68E5171A5A2FB300CA2CCD /* Products */ = {
			isa = PBXGroup;
			children = (
				EA68E5161A5A2FB300CA2CCD /* TojoMobile.app */,
				EA68E5321A5A2FB300CA2CCD /* TojoMobileTests.xctest */,
			);
			name = Products;
			sourceTree = "<group>";
		};
		EA68E5181A5A2FB300CA2CCD /* TojoMobile */ = {
			isa = PBXGroup;
			children = (
				32959EB71A5EBD0300C2B9D6 /* projects */,
				EAEE9B3D1A5C11E500FF3DA9 /* common */,
				EAEE9B301A5BFFFB00FF3DA9 /* user */,
				EA68E51D1A5A2FB300CA2CCD /* AppDelegate.h */,
				EA68E51E1A5A2FB300CA2CCD /* AppDelegate.m */,
				EA68E5201A5A2FB300CA2CCD /* FirstViewController.h */,
				EA68E5211A5A2FB300CA2CCD /* FirstViewController.m */,
				EA68E5231A5A2FB300CA2CCD /* SecondViewController.h */,
				EA68E5241A5A2FB300CA2CCD /* SecondViewController.m */,
				EA68E5261A5A2FB300CA2CCD /* Main.storyboard */,
				EA68E5291A5A2FB300CA2CCD /* Images.xcassets */,
				EA68E52B1A5A2FB300CA2CCD /* LaunchScreen.xib */,
				EA68E5191A5A2FB300CA2CCD /* Supporting Files */,
			);
			path = TojoMobile;
			sourceTree = "<group>";
		};
		EA68E5191A5A2FB300CA2CCD /* Supporting Files */ = {
			isa = PBXGroup;
			children = (
				EA68E51A1A5A2FB300CA2CCD /* Info.plist */,
				EA68E51B1A5A2FB300CA2CCD /* main.m */,
			);
			name = "Supporting Files";
			sourceTree = "<group>";
		};
		EA68E5351A5A2FB300CA2CCD /* TojoMobileTests */ = {
			isa = PBXGroup;
			children = (
				EA68E5381A5A2FB400CA2CCD /* TojoMobileTests.m */,
				EA68E5361A5A2FB300CA2CCD /* Supporting Files */,
			);
			path = TojoMobileTests;
			sourceTree = "<group>";
		};
		EA68E5361A5A2FB300CA2CCD /* Supporting Files */ = {
			isa = PBXGroup;
			children = (
				EA68E5371A5A2FB300CA2CCD /* Info.plist */,
			);
			name = "Supporting Files";
			sourceTree = "<group>";
		};
		EA99FC721A5EE9C70069ADBD /* businessModel */ = {
			isa = PBXGroup;
			children = (
				EA99FC731A5EE9C70069ADBD /* TJUserLoginRequestModel.h */,
				EA99FC741A5EE9C70069ADBD /* TJUserLoginRequestModel.m */,
				EA99FC751A5EE9C70069ADBD /* TJUserLoginResponseModel.h */,
				EA99FC761A5EE9C70069ADBD /* TJUserLoginResponseModel.m */,
			);
			path = businessModel;
			sourceTree = "<group>";
		};
		EAEE9B301A5BFFFB00FF3DA9 /* user */ = {
			isa = PBXGroup;
			children = (
				EA99FC721A5EE9C70069ADBD /* businessModel */,
				EAEE9B321A5C006400FF3DA9 /* service */,
				EAEE9B331A5C006400FF3DA9 /* viewModel */,
			);
			path = user;
			sourceTree = "<group>";
		};
		EAEE9B321A5C006400FF3DA9 /* service */ = {
			isa = PBXGroup;
			children = (
				EAEE9B341A5C012900FF3DA9 /* TJUserSender.h */,
				EAEE9B351A5C012900FF3DA9 /* TJUserSender.m */,
			);
			path = service;
			sourceTree = "<group>";
		};
		EAEE9B331A5C006400FF3DA9 /* viewModel */ = {
			isa = PBXGroup;
			children = (
			);
			path = viewModel;
			sourceTree = "<group>";
		};
		EAEE9B3D1A5C11E500FF3DA9 /* common */ = {
			isa = PBXGroup;
			children = (
				EAEE9B3E1A5C120200FF3DA9 /* TJSystemParam.h */,
				EA99FC6F1A5ED72A0069ADBD /* TJSender.h */,
				EA99FC701A5ED72A0069ADBD /* TJSender.m */,
				EAC116BA1A615AD200F620DE /* TJResultModel.h */,
				EAC116BB1A615AD200F620DE /* TJResultModel.m */,
				EAC116BD1A618ADB00F620DE /* TJDataBase.h */,
				EAC116BE1A618ADC00F620DE /* TJDataBase.m */,
				EAC116C01A618C1C00F620DE /* TJFilePath.h */,
				EAC116C11A618C1C00F620DE /* TJFilePath.m */,
				EA0A0BBD1A66ACA800E37BFD /* TJDefine.h */,
			);
			path = common;
			sourceTree = "<group>";
		};
/* End PBXGroup section */

/* Begin PBXNativeTarget section */
		EA68E5151A5A2FB300CA2CCD /* TojoMobile */ = {
			isa = PBXNativeTarget;
			buildConfigurationList = EA68E53C1A5A2FB400CA2CCD /* Build configuration list for PBXNativeTarget "TojoMobile" */;
			buildPhases = (
				D02B72A44C7D99FAE94E91C2 /* Check Pods Manifest.lock */,
				EA68E5121A5A2FB300CA2CCD /* Sources */,
				EA68E5131A5A2FB300CA2CCD /* Frameworks */,
				EA68E5141A5A2FB300CA2CCD /* Resources */,
				A515FA7915B8A97959A242A7 /* Copy Pods Resources */,
			);
			buildRules = (
			);
			dependencies = (
			);
			name = TojoMobile;
			productName = TojoMobile;
			productReference = EA68E5161A5A2FB300CA2CCD /* TojoMobile.app */;
			productType = "com.apple.product-type.application";
		};
		EA68E5311A5A2FB300CA2CCD /* TojoMobileTests */ = {
			isa = PBXNativeTarget;
			buildConfigurationList = EA68E53F1A5A2FB400CA2CCD /* Build configuration list for PBXNativeTarget "TojoMobileTests" */;
			buildPhases = (
				EA68E52E1A5A2FB300CA2CCD /* Sources */,
				EA68E52F1A5A2FB300CA2CCD /* Frameworks */,
				EA68E5301A5A2FB300CA2CCD /* Resources */,
			);
			buildRules = (
			);
			dependencies = (
				EA68E5341A5A2FB300CA2CCD /* PBXTargetDependency */,
			);
			name = TojoMobileTests;
			productName = TojoMobileTests;
			productReference = EA68E5321A5A2FB300CA2CCD /* TojoMobileTests.xctest */;
			productType = "com.apple.product-type.bundle.unit-test";
		};
/* End PBXNativeTarget section */

/* Begin PBXProject section */
		EA68E50E1A5A2FB300CA2CCD /* Project object */ = {
			isa = PBXProject;
			attributes = {
				LastUpgradeCheck = 0610;
				ORGANIZATIONNAME = Tongjo;
				TargetAttributes = {
					EA68E5151A5A2FB300CA2CCD = {
						CreatedOnToolsVersion = 6.1.1;
						DevelopmentTeam = B84MT5PP8Y;
					};
					EA68E5311A5A2FB300CA2CCD = {
						CreatedOnToolsVersion = 6.1.1;
						TestTargetID = EA68E5151A5A2FB300CA2CCD;
					};
				};
			};
			buildConfigurationList = EA68E5111A5A2FB300CA2CCD /* Build configuration list for PBXProject "TojoMobile" */;
			compatibilityVersion = "Xcode 3.2";
			developmentRegion = English;
			hasScannedForEncodings = 0;
			knownRegions = (
				en,
				Base,
			);
			mainGroup = EA68E50D1A5A2FB300CA2CCD;
			productRefGroup = EA68E5171A5A2FB300CA2CCD /* Products */;
			projectDirPath = "";
			projectRoot = "";
			targets = (
				EA68E5151A5A2FB300CA2CCD /* TojoMobile */,
				EA68E5311A5A2FB300CA2CCD /* TojoMobileTests */,
			);
		};
/* End PBXProject section */

/* Begin PBXResourcesBuildPhase section */
		EA68E5141A5A2FB300CA2CCD /* Resources */ = {
			isa = PBXResourcesBuildPhase;
			buildActionMask = 2147483647;
			files = (
				32959EFD1A5ECFA300C2B9D6 /* TJProjectTeamAreaCell.xib in Resources */,
				EA68E5281A5A2FB300CA2CCD /* Main.storyboard in Resources */,
				EA68E52D1A5A2FB300CA2CCD /* LaunchScreen.xib in Resources */,
				EA0A0BB81A66A9B300E37BFD /* TJProjectListCell.xib in Resources */,
				32959EF91A5ECFA300C2B9D6 /* TJProjectCommentAreaCell.xib in Resources */,
				32959EFB1A5ECFA300C2B9D6 /* TJProjectDetailInfoCell.xib in Resources */,
				EAC116ED1A61983000F620DE /* TJProjectDetailViewController.xib in Resources */,
				32959EFF1A5ECFA300C2B9D6 /* TJProjectTitleInfoCell.xib in Resources */,
				EA68E52A1A5A2FB300CA2CCD /* Images.xcassets in Resources */,
				EAC116EF1A61983000F620DE /* TJProjectListViewController.xib in Resources */,
			);
			runOnlyForDeploymentPostprocessing = 0;
		};
		EA68E5301A5A2FB300CA2CCD /* Resources */ = {
			isa = PBXResourcesBuildPhase;
			buildActionMask = 2147483647;
			files = (
			);
			runOnlyForDeploymentPostprocessing = 0;
		};
/* End PBXResourcesBuildPhase section */

/* Begin PBXShellScriptBuildPhase section */
		A515FA7915B8A97959A242A7 /* Copy Pods Resources */ = {
			isa = PBXShellScriptBuildPhase;
			buildActionMask = 2147483647;
			files = (
			);
			inputPaths = (
			);
			name = "Copy Pods Resources";
			outputPaths = (
			);
			runOnlyForDeploymentPostprocessing = 0;
			shellPath = /bin/sh;
			shellScript = "\"${SRCROOT}/Pods/Target Support Files/Pods/Pods-resources.sh\"\n";
			showEnvVarsInLog = 0;
		};
		D02B72A44C7D99FAE94E91C2 /* Check Pods Manifest.lock */ = {
			isa = PBXShellScriptBuildPhase;
			buildActionMask = 2147483647;
			files = (
			);
			inputPaths = (
			);
			name = "Check Pods Manifest.lock";
			outputPaths = (
			);
			runOnlyForDeploymentPostprocessing = 0;
			shellPath = /bin/sh;
			shellScript = "diff \"${PODS_ROOT}/../Podfile.lock\" \"${PODS_ROOT}/Manifest.lock\" > /dev/null\nif [[ $? != 0 ]] ; then\n    cat << EOM\nerror: The sandbox is not in sync with the Podfile.lock. Run 'pod install' or update your CocoaPods installation.\nEOM\n    exit 1\nfi\n";
			showEnvVarsInLog = 0;
		};
/* End PBXShellScriptBuildPhase section */

/* Begin PBXSourcesBuildPhase section */
		EA68E5121A5A2FB300CA2CCD /* Sources */ = {
			isa = PBXSourcesBuildPhase;
			buildActionMask = 2147483647;
			files = (
				EAC116E41A61967700F620DE /* TJProjectListSender.m in Sources */,
				32959F081A5ECFBE00C2B9D6 /* TJProjectDetailResponseModel.m in Sources */,
				32959EFC1A5ECFA300C2B9D6 /* TJProjectTeamAreaCell.m in Sources */,
				EA0A0BB71A66A9B300E37BFD /* TJProjectListCell.m in Sources */,
				EA99FC781A5EE9C70069ADBD /* TJUserLoginResponseModel.m in Sources */,
				32959EFE1A5ECFA300C2B9D6 /* TJProjectTitleInfoCell.m in Sources */,
				3211463C1A669A7A00F89494 /* TJCommentModel.m in Sources */,
				EA99FC771A5EE9C70069ADBD /* TJUserLoginRequestModel.m in Sources */,
				EA68E5251A5A2FB300CA2CCD /* SecondViewController.m in Sources */,
				32959F021A5ECFB300C2B9D6 /* TJProjectDetailViewModel.m in Sources */,
				EA99FC711A5ED72A0069ADBD /* TJSender.m in Sources */,
				EAEE9B361A5C012900FF3DA9 /* TJUserSender.m in Sources */,
				32959EF81A5ECFA300C2B9D6 /* TJProjectCommentAreaCell.m in Sources */,
				EAC116BF1A618ADC00F620DE /* TJDataBase.m in Sources */,
				EAC116EE1A61983000F620DE /* TJProjectListViewController.m in Sources */,
				32959EFA1A5ECFA300C2B9D6 /* TJProjectDetailInfoCell.m in Sources */,
				3211463F1A669AD600F89494 /* TJTeamModel.m in Sources */,
				EA68E51F1A5A2FB300CA2CCD /* AppDelegate.m in Sources */,
				321146391A66997900F89494 /* TJProjectInfoModel.m in Sources */,
				32959F0B1A5ECFCC00C2B9D6 /* TJProjectDetailSender.m in Sources */,
				EA32484B1A668D9300D45E30 /* TJProjectListResponseModel.m in Sources */,
				EAC116EC1A61983000F620DE /* TJProjectDetailViewController.m in Sources */,
				32959F071A5ECFBE00C2B9D6 /* TJProjectDetailRequestModel.m in Sources */,
				EA68E5221A5A2FB300CA2CCD /* FirstViewController.m in Sources */,
				EAC116BC1A615AD200F620DE /* TJResultModel.m in Sources */,
				EA3248481A668D6400D45E30 /* TJProjectListRequestModel.m in Sources */,
				EAC116C21A618C1C00F620DE /* TJFilePath.m in Sources */,
				EA68E51C1A5A2FB300CA2CCD /* main.m in Sources */,
			);
			runOnlyForDeploymentPostprocessing = 0;
		};
		EA68E52E1A5A2FB300CA2CCD /* Sources */ = {
			isa = PBXSourcesBuildPhase;
			buildActionMask = 2147483647;
			files = (
				EA68E5391A5A2FB400CA2CCD /* TojoMobileTests.m in Sources */,
			);
			runOnlyForDeploymentPostprocessing = 0;
		};
/* End PBXSourcesBuildPhase section */

/* Begin PBXTargetDependency section */
		EA68E5341A5A2FB300CA2CCD /* PBXTargetDependency */ = {
			isa = PBXTargetDependency;
			target = EA68E5151A5A2FB300CA2CCD /* TojoMobile */;
			targetProxy = EA68E5331A5A2FB300CA2CCD /* PBXContainerItemProxy */;
		};
/* End PBXTargetDependency section */

/* Begin PBXVariantGroup section */
		EA68E5261A5A2FB300CA2CCD /* Main.storyboard */ = {
			isa = PBXVariantGroup;
			children = (
				EA68E5271A5A2FB300CA2CCD /* Base */,
			);
			name = Main.storyboard;
			sourceTree = "<group>";
		};
		EA68E52B1A5A2FB300CA2CCD /* LaunchScreen.xib */ = {
			isa = PBXVariantGroup;
			children = (
				EA68E52C1A5A2FB300CA2CCD /* Base */,
			);
			name = LaunchScreen.xib;
			sourceTree = "<group>";
		};
/* End PBXVariantGroup section */

/* Begin XCBuildConfiguration section */
		EA68E53A1A5A2FB400CA2CCD /* Debug */ = {
			isa = XCBuildConfiguration;
			buildSettings = {
				ALWAYS_SEARCH_USER_PATHS = NO;
				CLANG_CXX_LANGUAGE_STANDARD = "gnu++0x";
				CLANG_CXX_LIBRARY = "libc++";
				CLANG_ENABLE_MODULES = YES;
				CLANG_ENABLE_OBJC_ARC = YES;
				CLANG_WARN_BOOL_CONVERSION = YES;
				CLANG_WARN_CONSTANT_CONVERSION = YES;
				CLANG_WARN_DIRECT_OBJC_ISA_USAGE = YES_ERROR;
				CLANG_WARN_EMPTY_BODY = YES;
				CLANG_WARN_ENUM_CONVERSION = YES;
				CLANG_WARN_INT_CONVERSION = YES;
				CLANG_WARN_OBJC_ROOT_CLASS = YES_ERROR;
				CLANG_WARN_UNREACHABLE_CODE = YES;
				CLANG_WARN__DUPLICATE_METHOD_MATCH = YES;
				"CODE_SIGN_IDENTITY[sdk=iphoneos*]" = "iPhone Developer";
				COPY_PHASE_STRIP = NO;
				ENABLE_STRICT_OBJC_MSGSEND = YES;
				GCC_C_LANGUAGE_STANDARD = gnu99;
				GCC_DYNAMIC_NO_PIC = NO;
				GCC_OPTIMIZATION_LEVEL = 0;
				GCC_PREPROCESSOR_DEFINITIONS = (
					"DEBUG=1",
					"$(inherited)",
				);
				GCC_SYMBOLS_PRIVATE_EXTERN = NO;
				GCC_WARN_64_TO_32_BIT_CONVERSION = YES;
				GCC_WARN_ABOUT_RETURN_TYPE = YES_ERROR;
				GCC_WARN_UNDECLARED_SELECTOR = YES;
				GCC_WARN_UNINITIALIZED_AUTOS = YES_AGGRESSIVE;
				GCC_WARN_UNUSED_FUNCTION = YES;
				GCC_WARN_UNUSED_VARIABLE = YES;
				IPHONEOS_DEPLOYMENT_TARGET = 8.1;
				MTL_ENABLE_DEBUG_INFO = YES;
				ONLY_ACTIVE_ARCH = YES;
				SDKROOT = iphoneos;
				TARGETED_DEVICE_FAMILY = "1,2";
			};
			name = Debug;
		};
		EA68E53B1A5A2FB400CA2CCD /* Release */ = {
			isa = XCBuildConfiguration;
			buildSettings = {
				ALWAYS_SEARCH_USER_PATHS = NO;
				CLANG_CXX_LANGUAGE_STANDARD = "gnu++0x";
				CLANG_CXX_LIBRARY = "libc++";
				CLANG_ENABLE_MODULES = YES;
				CLANG_ENABLE_OBJC_ARC = YES;
				CLANG_WARN_BOOL_CONVERSION = YES;
				CLANG_WARN_CONSTANT_CONVERSION = YES;
				CLANG_WARN_DIRECT_OBJC_ISA_USAGE = YES_ERROR;
				CLANG_WARN_EMPTY_BODY = YES;
				CLANG_WARN_ENUM_CONVERSION = YES;
				CLANG_WARN_INT_CONVERSION = YES;
				CLANG_WARN_OBJC_ROOT_CLASS = YES_ERROR;
				CLANG_WARN_UNREACHABLE_CODE = YES;
				CLANG_WARN__DUPLICATE_METHOD_MATCH = YES;
				"CODE_SIGN_IDENTITY[sdk=iphoneos*]" = "iPhone Developer";
				COPY_PHASE_STRIP = YES;
				ENABLE_NS_ASSERTIONS = NO;
				ENABLE_STRICT_OBJC_MSGSEND = YES;
				GCC_C_LANGUAGE_STANDARD = gnu99;
				GCC_WARN_64_TO_32_BIT_CONVERSION = YES;
				GCC_WARN_ABOUT_RETURN_TYPE = YES_ERROR;
				GCC_WARN_UNDECLARED_SELECTOR = YES;
				GCC_WARN_UNINITIALIZED_AUTOS = YES_AGGRESSIVE;
				GCC_WARN_UNUSED_FUNCTION = YES;
				GCC_WARN_UNUSED_VARIABLE = YES;
				IPHONEOS_DEPLOYMENT_TARGET = 8.1;
				MTL_ENABLE_DEBUG_INFO = NO;
				SDKROOT = iphoneos;
				TARGETED_DEVICE_FAMILY = "1,2";
				VALIDATE_PRODUCT = YES;
			};
			name = Release;
		};
		EA68E53D1A5A2FB400CA2CCD /* Debug */ = {
			isa = XCBuildConfiguration;
			baseConfigurationReference = B2C29C277CF0BF4887084072 /* Pods.debug.xcconfig */;
			buildSettings = {
				ASSETCATALOG_COMPILER_APPICON_NAME = AppIcon;
				CODE_SIGN_IDENTITY = "iPhone Developer";
				INFOPLIST_FILE = TojoMobile/Info.plist;
				LD_RUNPATH_SEARCH_PATHS = "$(inherited) @executable_path/Frameworks";
				PRODUCT_NAME = "$(TARGET_NAME)";
			};
			name = Debug;
		};
		EA68E53E1A5A2FB400CA2CCD /* Release */ = {
			isa = XCBuildConfiguration;
			baseConfigurationReference = 85A33652F3F2C3B494D43C51 /* Pods.release.xcconfig */;
			buildSettings = {
				ASSETCATALOG_COMPILER_APPICON_NAME = AppIcon;
				CODE_SIGN_IDENTITY = "iPhone Developer";
				INFOPLIST_FILE = TojoMobile/Info.plist;
				LD_RUNPATH_SEARCH_PATHS = "$(inherited) @executable_path/Frameworks";
				PRODUCT_NAME = "$(TARGET_NAME)";
			};
			name = Release;
		};
		EA68E5401A5A2FB400CA2CCD /* Debug */ = {
			isa = XCBuildConfiguration;
			buildSettings = {
				BUNDLE_LOADER = "$(TEST_HOST)";
				FRAMEWORK_SEARCH_PATHS = (
					"$(SDKROOT)/Developer/Library/Frameworks",
					"$(inherited)",
				);
				GCC_PREPROCESSOR_DEFINITIONS = (
					"DEBUG=1",
					"$(inherited)",
				);
				INFOPLIST_FILE = TojoMobileTests/Info.plist;
				LD_RUNPATH_SEARCH_PATHS = "$(inherited) @executable_path/Frameworks @loader_path/Frameworks";
				PRODUCT_NAME = "$(TARGET_NAME)";
				TEST_HOST = "$(BUILT_PRODUCTS_DIR)/TojoMobile.app/TojoMobile";
			};
			name = Debug;
		};
		EA68E5411A5A2FB400CA2CCD /* Release */ = {
			isa = XCBuildConfiguration;
			buildSettings = {
				BUNDLE_LOADER = "$(TEST_HOST)";
				FRAMEWORK_SEARCH_PATHS = (
					"$(SDKROOT)/Developer/Library/Frameworks",
					"$(inherited)",
				);
				INFOPLIST_FILE = TojoMobileTests/Info.plist;
				LD_RUNPATH_SEARCH_PATHS = "$(inherited) @executable_path/Frameworks @loader_path/Frameworks";
				PRODUCT_NAME = "$(TARGET_NAME)";
				TEST_HOST = "$(BUILT_PRODUCTS_DIR)/TojoMobile.app/TojoMobile";
			};
			name = Release;
		};
/* End XCBuildConfiguration section */

/* Begin XCConfigurationList section */
		EA68E5111A5A2FB300CA2CCD /* Build configuration list for PBXProject "TojoMobile" */ = {
			isa = XCConfigurationList;
			buildConfigurations = (
				EA68E53A1A5A2FB400CA2CCD /* Debug */,
				EA68E53B1A5A2FB400CA2CCD /* Release */,
			);
			defaultConfigurationIsVisible = 0;
			defaultConfigurationName = Release;
		};
		EA68E53C1A5A2FB400CA2CCD /* Build configuration list for PBXNativeTarget "TojoMobile" */ = {
			isa = XCConfigurationList;
			buildConfigurations = (
				EA68E53D1A5A2FB400CA2CCD /* Debug */,
				EA68E53E1A5A2FB400CA2CCD /* Release */,
			);
			defaultConfigurationIsVisible = 0;
			defaultConfigurationName = Release;
		};
		EA68E53F1A5A2FB400CA2CCD /* Build configuration list for PBXNativeTarget "TojoMobileTests" */ = {
			isa = XCConfigurationList;
			buildConfigurations = (
				EA68E5401A5A2FB400CA2CCD /* Debug */,
				EA68E5411A5A2FB400CA2CCD /* Release */,
			);
			defaultConfigurationIsVisible = 0;
			defaultConfigurationName = Release;
		};
/* End XCConfigurationList section */
	};
	rootObject = EA68E50E1A5A2FB300CA2CCD /* Project object */;
}
